// !$*UTF8*$!
{
	archiveVersion = 1;
	classes = {
	};
	objectVersion = 48;
	objects = {

/* Begin PBXBuildFile section */
		7373284D214E272100EB7521 /* BinaryIndexTree.cpp in Sources */ = {isa = PBXBuildFile; fileRef = 7373284C214E272100EB7521 /* BinaryIndexTree.cpp */; };
		73732859214F962F00EB7521 /* BigNumber.cpp in Sources */ = {isa = PBXBuildFile; fileRef = 73732857214F962F00EB7521 /* BigNumber.cpp */; };
		73C0AF96214E21F70096AB22 /* main.cpp in Sources */ = {isa = PBXBuildFile; fileRef = 73C0AF95214E21F70096AB22 /* main.cpp */; };
/* End PBXBuildFile section */

/* Begin PBXCopyFilesBuildPhase section */
		73C0AF90214E21F70096AB22 /* CopyFiles */ = {
			isa = PBXCopyFilesBuildPhase;
			buildActionMask = 2147483647;
			dstPath = /usr/share/man/man1/;
			dstSubfolderSpec = 0;
			files = (
			);
			runOnlyForDeploymentPostprocessing = 1;
		};
/* End PBXCopyFilesBuildPhase section */

/* Begin PBXFileReference section */
		73106FBC215291C40027906C /* Matrix.hpp */ = {isa = PBXFileReference; lastKnownFileType = sourcecode.cpp.h; path = Matrix.hpp; sourceTree = "<group>"; };
		73106FBE2152A6AE0027906C /* MatrixTest.hpp */ = {isa = PBXFileReference; lastKnownFileType = sourcecode.cpp.h; path = MatrixTest.hpp; sourceTree = "<group>"; };
		735A7A47214FED12001E5761 /* BigNumberTest.hpp */ = {isa = PBXFileReference; lastKnownFileType = sourcecode.cpp.h; path = BigNumberTest.hpp; sourceTree = "<group>"; };
		7373284B214E26E500EB7521 /* BinaryIndexTree.hpp */ = {isa = PBXFileReference; lastKnownFileType = sourcecode.cpp.h; path = BinaryIndexTree.hpp; sourceTree = "<group>"; };
		7373284C214E272100EB7521 /* BinaryIndexTree.cpp */ = {isa = PBXFileReference; lastKnownFileType = sourcecode.cpp.cpp; path = BinaryIndexTree.cpp; sourceTree = "<group>"; };
		73732850214E29EC00EB7521 /* BinaryIndexTreeTest.hpp */ = {isa = PBXFileReference; lastKnownFileType = sourcecode.cpp.h; path = BinaryIndexTreeTest.hpp; sourceTree = "<group>"; };
		73732852214E2B4E00EB7521 /* QuickSort.hpp */ = {isa = PBXFileReference; lastKnownFileType = sourcecode.cpp.h; path = QuickSort.hpp; sourceTree = "<group>"; };
		73732853214E2B9D00EB7521 /* HeapSort.hpp */ = {isa = PBXFileReference; lastKnownFileType = sourcecode.cpp.h; path = HeapSort.hpp; sourceTree = "<group>"; };
		73732855214E2BD300EB7521 /* SortTest.hpp */ = {isa = PBXFileReference; lastKnownFileType = sourcecode.cpp.h; path = SortTest.hpp; sourceTree = "<group>"; };
		73732857214F962F00EB7521 /* BigNumber.cpp */ = {isa = PBXFileReference; lastKnownFileType = sourcecode.cpp.cpp; path = BigNumber.cpp; sourceTree = "<group>"; };
		73732858214F962F00EB7521 /* BigNumber.hpp */ = {isa = PBXFileReference; lastKnownFileType = sourcecode.cpp.h; path = BigNumber.hpp; sourceTree = "<group>"; };
		7398A66B215662E3005351D7 /* 2-add-two-numbers.h */ = {isa = PBXFileReference; lastKnownFileType = sourcecode.c.h; path = "2-add-two-numbers.h"; sourceTree = "<group>"; };
		73C0AF92214E21F70096AB22 /* CppToySolution */ = {isa = PBXFileReference; explicitFileType = "compiled.mach-o.executable"; includeInIndex = 0; path = CppToySolution; sourceTree = BUILT_PRODUCTS_DIR; };
		73C0AF95214E21F70096AB22 /* main.cpp */ = {isa = PBXFileReference; lastKnownFileType = sourcecode.cpp.cpp; path = main.cpp; sourceTree = "<group>"; };
/* End PBXFileReference section */

/* Begin PBXFrameworksBuildPhase section */
		73C0AF8F214E21F70096AB22 /* Frameworks */ = {
			isa = PBXFrameworksBuildPhase;
			buildActionMask = 2147483647;
			files = (
			);
			runOnlyForDeploymentPostprocessing = 0;
		};
/* End PBXFrameworksBuildPhase section */

/* Begin PBXGroup section */
		735A7A43214FEC9C001E5761 /* Algorithm */ = {
			isa = PBXGroup;
			children = (
				7373284E214E298D00EB7521 /* BinaryIndex */,
				73732851214E2B3900EB7521 /* SortAlgorithm */,
			);
			path = Algorithm;
			sourceTree = "<group>";
		};
		735A7A44214FECBF001E5761 /* Matrix */ = {
			isa = PBXGroup;
			children = (
				73106FBC215291C40027906C /* Matrix.hpp */,
				73106FBE2152A6AE0027906C /* MatrixTest.hpp */,
			);
			path = Matrix;
			sourceTree = "<group>";
		};
		735A7A45214FECC9001E5761 /* String */ = {
			isa = PBXGroup;
			children = (
			);
			path = String;
			sourceTree = "<group>";
		};
		735A7A46214FECD6001E5761 /* Utility */ = {
			isa = PBXGroup;
			children = (
				73732856214F961100EB7521 /* BigNumber */,
				735A7A44214FECBF001E5761 /* Matrix */,
				735A7A45214FECC9001E5761 /* String */,
			);
			path = Utility;
			sourceTree = "<group>";
		};
		7373284E214E298D00EB7521 /* BinaryIndex */ = {
			isa = PBXGroup;
			children = (
				7373284C214E272100EB7521 /* BinaryIndexTree.cpp */,
				7373284B214E26E500EB7521 /* BinaryIndexTree.hpp */,
				73732850214E29EC00EB7521 /* BinaryIndexTreeTest.hpp */,
			);
			path = BinaryIndex;
			sourceTree = "<group>";
		};
		73732851214E2B3900EB7521 /* SortAlgorithm */ = {
			isa = PBXGroup;
			children = (
				73732852214E2B4E00EB7521 /* QuickSort.hpp */,
				73732853214E2B9D00EB7521 /* HeapSort.hpp */,
				73732855214E2BD300EB7521 /* SortTest.hpp */,
			);
			path = SortAlgorithm;
			sourceTree = "<group>";
		};
		73732856214F961100EB7521 /* BigNumber */ = {
			isa = PBXGroup;
			children = (
				73732857214F962F00EB7521 /* BigNumber.cpp */,
				73732858214F962F00EB7521 /* BigNumber.hpp */,
				735A7A47214FED12001E5761 /* BigNumberTest.hpp */,
			);
			path = BigNumber;
			sourceTree = "<group>";
		};
		7398A66A2156624E005351D7 /* LeetCode */ = {
			isa = PBXGroup;
			children = (
				7398A66B215662E3005351D7 /* 2-add-two-numbers.h */,
			);
			path = LeetCode;
			sourceTree = "<group>";
		};
		73C0AF89214E21F70096AB22 = {
			isa = PBXGroup;
			children = (
				7398A66A2156624E005351D7 /* LeetCode */,
				73C0AF95214E21F70096AB22 /* main.cpp */,
				735A7A46214FECD6001E5761 /* Utility */,
				735A7A43214FEC9C001E5761 /* Algorithm */,
				73C0AF93214E21F70096AB22 /* Products */,
			);
			sourceTree = "<group>";
		};
		73C0AF93214E21F70096AB22 /* Products */ = {
			isa = PBXGroup;
			children = (
				73C0AF92214E21F70096AB22 /* CppToySolution */,
			);
			name = Products;
			sourceTree = "<group>";
		};
/* End PBXGroup section */

/* Begin PBXNativeTarget section */
		73C0AF91214E21F70096AB22 /* CppToySolution */ = {
			isa = PBXNativeTarget;
			buildConfigurationList = 73C0AF99214E21F70096AB22 /* Build configuration list for PBXNativeTarget "CppToySolution" */;
			buildPhases = (
				73C0AF8E214E21F70096AB22 /* Sources */,
				73C0AF8F214E21F70096AB22 /* Frameworks */,
				73C0AF90214E21F70096AB22 /* CopyFiles */,
			);
			buildRules = (
			);
			dependencies = (
			);
			name = CppToySolution;
			productName = CppToySolution;
			productReference = 73C0AF92214E21F70096AB22 /* CppToySolution */;
			productType = "com.apple.product-type.tool";
		};
/* End PBXNativeTarget section */

/* Begin PBXProject section */
		73C0AF8A214E21F70096AB22 /* Project object */ = {
			isa = PBXProject;
			attributes = {
				LastUpgradeCheck = 0920;
				ORGANIZATIONNAME = QZQ;
				TargetAttributes = {
					73C0AF91214E21F70096AB22 = {
						CreatedOnToolsVersion = 9.2;
						ProvisioningStyle = Automatic;
					};
				};
			};
			buildConfigurationList = 73C0AF8D214E21F70096AB22 /* Build configuration list for PBXProject "CppToySolution" */;
			compatibilityVersion = "Xcode 8.0";
			developmentRegion = en;
			hasScannedForEncodings = 0;
			knownRegions = (
				en,
			);
			mainGroup = 73C0AF89214E21F70096AB22;
			productRefGroup = 73C0AF93214E21F70096AB22 /* Products */;
			projectDirPath = "";
			projectRoot = "";
			targets = (
				73C0AF91214E21F70096AB22 /* CppToySolution */,
			);
		};
/* End PBXProject section */

/* Begin PBXSourcesBuildPhase section */
		73C0AF8E214E21F70096AB22 /* Sources */ = {
			isa = PBXSourcesBuildPhase;
			buildActionMask = 2147483647;
			files = (
				73C0AF96214E21F70096AB22 /* main.cpp in Sources */,
				73732859214F962F00EB7521 /* BigNumber.cpp in Sources */,
				7373284D214E272100EB7521 /* BinaryIndexTree.cpp in Sources */,
			);
			runOnlyForDeploymentPostprocessing = 0;
		};
/* End PBXSourcesBuildPhase section */

/* Begin XCBuildConfiguration section */
		73C0AF97214E21F70096AB22 /* Debug */ = {
			isa = XCBuildConfiguration;
			buildSettings = {
				ALWAYS_SEARCH_USER_PATHS = NO;
				CLANG_ANALYZER_NONNULL = YES;
				CLANG_ANALYZER_NUMBER_OBJECT_CONVERSION = YES_AGGRESSIVE;
				CLANG_CXX_LANGUAGE_STANDARD = "gnu++14";
				CLANG_CXX_LIBRARY = "libc++";
				CLANG_ENABLE_MODULES = YES;
				CLANG_ENABLE_OBJC_ARC = YES;
				CLANG_WARN_BLOCK_CAPTURE_AUTORELEASING = YES;
				CLANG_WARN_BOOL_CONVERSION = YES;
				CLANG_WARN_COMMA = YES;
				CLANG_WARN_CONSTANT_CONVERSION = YES;
				CLANG_WARN_DIRECT_OBJC_ISA_USAGE = YES_ERROR;
				CLANG_WARN_DOCUMENTATION_COMMENTS = YES;
				CLANG_WARN_EMPTY_BODY = YES;
				CLANG_WARN_ENUM_CONVERSION = YES;
				CLANG_WARN_INFINITE_RECURSION = YES;
				CLANG_WARN_INT_CONVERSION = YES;
				CLANG_WARN_NON_LITERAL_NULL_CONVERSION = YES;
				CLANG_WARN_OBJC_LITERAL_CONVERSION = YES;
				CLANG_WARN_OBJC_ROOT_CLASS = YES_ERROR;
				CLANG_WARN_RANGE_LOOP_ANALYSIS = YES;
				CLANG_WARN_STRICT_PROTOTYPES = YES;
				CLANG_WARN_SUSPICIOUS_MOVE = YES;
				CLANG_WARN_UNGUARDED_AVAILABILITY = YES_AGGRESSIVE;
				CLANG_WARN_UNREACHABLE_CODE = YES;
				CLANG_WARN__DUPLICATE_METHOD_MATCH = YES;
				CODE_SIGN_IDENTITY = "-";
				COPY_PHASE_STRIP = NO;
				DEBUG_INFORMATION_FORMAT = dwarf;
				ENABLE_STRICT_OBJC_MSGSEND = YES;
				ENABLE_TESTABILITY = YES;
				GCC_C_LANGUAGE_STANDARD = gnu11;
				GCC_DYNAMIC_NO_PIC = NO;
				GCC_NO_COMMON_BLOCKS = YES;
				GCC_OPTIMIZATION_LEVEL = 0;
				GCC_PREPROCESSOR_DEFINITIONS = (
					"DEBUG=1",
					"$(inherited)",
				);
				GCC_WARN_64_TO_32_BIT_CONVERSION = YES;
				GCC_WARN_ABOUT_RETURN_TYPE = YES_ERROR;
				GCC_WARN_UNDECLARED_SELECTOR = YES;
				GCC_WARN_UNINITIALIZED_AUTOS = YES_AGGRESSIVE;
				GCC_WARN_UNUSED_FUNCTION = YES;
				GCC_WARN_UNUSED_VARIABLE = YES;
				MACOSX_DEPLOYMENT_TARGET = 10.13;
				MTL_ENABLE_DEBUG_INFO = YES;
				ONLY_ACTIVE_ARCH = YES;
				SDKROOT = macosx;
			};
			name = Debug;
		};
		73C0AF98214E21F70096AB22 /* Release */ = {
			isa = XCBuildConfiguration;
			buildSettings = {
				ALWAYS_SEARCH_USER_PATHS = NO;
				CLANG_ANALYZER_NONNULL = YES;
				CLANG_ANALYZER_NUMBER_OBJECT_CONVERSION = YES_AGGRESSIVE;
				CLANG_CXX_LANGUAGE_STANDARD = "gnu++14";
				CLANG_CXX_LIBRARY = "libc++";
				CLANG_ENABLE_MODULES = YES;
				CLANG_ENABLE_OBJC_ARC = YES;
				CLANG_WARN_BLOCK_CAPTURE_AUTORELEASING = YES;
				CLANG_WARN_BOOL_CONVERSION = YES;
				CLANG_WARN_COMMA = YES;
				CLANG_WARN_CONSTANT_CONVERSION = YES;
				CLANG_WARN_DIRECT_OBJC_ISA_USAGE = YES_ERROR;
				CLANG_WARN_DOCUMENTATION_COMMENTS = YES;
				CLANG_WARN_EMPTY_BODY = YES;
				CLANG_WARN_ENUM_CONVERSION = YES;
				CLANG_WARN_INFINITE_RECURSION = YES;
				CLANG_WARN_INT_CONVERSION = YES;
				CLANG_WARN_NON_LITERAL_NULL_CONVERSION = YES;
				CLANG_WARN_OBJC_LITERAL_CONVERSION = YES;
				CLANG_WARN_OBJC_ROOT_CLASS = YES_ERROR;
				CLANG_WARN_RANGE_LOOP_ANALYSIS = YES;
				CLANG_WARN_STRICT_PROTOTYPES = YES;
				CLANG_WARN_SUSPICIOUS_MOVE = YES;
				CLANG_WARN_UNGUARDED_AVAILABILITY = YES_AGGRESSIVE;
				CLANG_WARN_UNREACHABLE_CODE = YES;
				CLANG_WARN__DUPLICATE_METHOD_MATCH = YES;
				CODE_SIGN_IDENTITY = "-";
				COPY_PHASE_STRIP = NO;
				DEBUG_INFORMATION_FORMAT = "dwarf-with-dsym";
				ENABLE_NS_ASSERTIONS = NO;
				ENABLE_STRICT_OBJC_MSGSEND = YES;
				GCC_C_LANGUAGE_STANDARD = gnu11;
				GCC_NO_COMMON_BLOCKS = YES;
				GCC_WARN_64_TO_32_BIT_CONVERSION = YES;
				GCC_WARN_ABOUT_RETURN_TYPE = YES_ERROR;
				GCC_WARN_UNDECLARED_SELECTOR = YES;
				GCC_WARN_UNINITIALIZED_AUTOS = YES_AGGRESSIVE;
				GCC_WARN_UNUSED_FUNCTION = YES;
				GCC_WARN_UNUSED_VARIABLE = YES;
				MACOSX_DEPLOYMENT_TARGET = 10.13;
				MTL_ENABLE_DEBUG_INFO = NO;
				SDKROOT = macosx;
			};
			name = Release;
		};
		73C0AF9A214E21F70096AB22 /* Debug */ = {
			isa = XCBuildConfiguration;
			buildSettings = {
				CODE_SIGN_STYLE = Automatic;
				PRODUCT_NAME = "$(TARGET_NAME)";
			};
			name = Debug;
		};
		73C0AF9B214E21F70096AB22 /* Release */ = {
			isa = XCBuildConfiguration;
			buildSettings = {
				CODE_SIGN_STYLE = Automatic;
				PRODUCT_NAME = "$(TARGET_NAME)";
			};
			name = Release;
		};
/* End XCBuildConfiguration section */

/* Begin XCConfigurationList section */
		73C0AF8D214E21F70096AB22 /* Build configuration list for PBXProject "CppToySolution" */ = {
			isa = XCConfigurationList;
			buildConfigurations = (
				73C0AF97214E21F70096AB22 /* Debug */,
				73C0AF98214E21F70096AB22 /* Release */,
			);
			defaultConfigurationIsVisible = 0;
			defaultConfigurationName = Release;
		};
		73C0AF99214E21F70096AB22 /* Build configuration list for PBXNativeTarget "CppToySolution" */ = {
			isa = XCConfigurationList;
			buildConfigurations = (
				73C0AF9A214E21F70096AB22 /* Debug */,
				73C0AF9B214E21F70096AB22 /* Release */,
			);
			defaultConfigurationIsVisible = 0;
			defaultConfigurationName = Release;
		};
/* End XCConfigurationList section */
	};
	rootObject = 73C0AF8A214E21F70096AB22 /* Project object */;
}
