// !$*UTF8*$!
{
	archiveVersion = 1;
	classes = {
	};
	objectVersion = 48;
	objects = {

/* Begin PBXBuildFile section */
		73726085216B526C00126F5A /* MemoryPool.cpp in Sources */ = {isa = PBXBuildFile; fileRef = 73726083216B526C00126F5A /* MemoryPool.cpp */; };
		7372608B216B7F7800126F5A /* ThreadPool.cpp in Sources */ = {isa = PBXBuildFile; fileRef = 73726089216B7F7800126F5A /* ThreadPool.cpp */; };
		73726091216B805900126F5A /* Thread.cpp in Sources */ = {isa = PBXBuildFile; fileRef = 7372608F216B805900126F5A /* Thread.cpp */; };
		7373284D214E272100EB7521 /* BinaryIndexTree.cpp in Sources */ = {isa = PBXBuildFile; fileRef = 7373284C214E272100EB7521 /* BinaryIndexTree.cpp */; };
		73732859214F962F00EB7521 /* BigNumber.cpp in Sources */ = {isa = PBXBuildFile; fileRef = 73732857214F962F00EB7521 /* BigNumber.cpp */; };
		738BE95621623CE900B6A93E /* priority_queue.cpp in Sources */ = {isa = PBXBuildFile; fileRef = 738BE95421623CE900B6A93E /* priority_queue.cpp */; };
		73C0AF96214E21F70096AB22 /* main.cpp in Sources */ = {isa = PBXBuildFile; fileRef = 73C0AF95214E21F70096AB22 /* main.cpp */; };
/* End PBXBuildFile section */

/* Begin PBXCopyFilesBuildPhase section */
		73C0AF90214E21F70096AB22 /* CopyFiles */ = {
			isa = PBXCopyFilesBuildPhase;
			buildActionMask = 2147483647;
			dstPath = /usr/share/man/man1/;
			dstSubfolderSpec = 0;
			files = (
			);
			runOnlyForDeploymentPostprocessing = 1;
		};
/* End PBXCopyFilesBuildPhase section */

/* Begin PBXFileReference section */
		73106FBC215291C40027906C /* Matrix.hpp */ = {isa = PBXFileReference; lastKnownFileType = sourcecode.cpp.h; path = Matrix.hpp; sourceTree = "<group>"; };
		73106FBE2152A6AE0027906C /* MatrixTest.hpp */ = {isa = PBXFileReference; lastKnownFileType = sourcecode.cpp.h; path = MatrixTest.hpp; sourceTree = "<group>"; };
		733A7219217A1466008700D5 /* 62-unique-paths.h */ = {isa = PBXFileReference; lastKnownFileType = sourcecode.c.h; path = "62-unique-paths.h"; sourceTree = "<group>"; };
		733A721A217A19C7008700D5 /* 64-minimum-path-sum.h */ = {isa = PBXFileReference; lastKnownFileType = sourcecode.c.h; path = "64-minimum-path-sum.h"; sourceTree = "<group>"; };
		733A721B217A1F00008700D5 /* 72-edit-distance.h */ = {isa = PBXFileReference; lastKnownFileType = sourcecode.c.h; path = "72-edit-distance.h"; sourceTree = "<group>"; };
		733A721C217ACC5A008700D5 /* 76-minimum-window-substring.h */ = {isa = PBXFileReference; lastKnownFileType = sourcecode.c.h; path = "76-minimum-window-substring.h"; sourceTree = "<group>"; };
		733A721D217AD690008700D5 /* 78-subsets.h */ = {isa = PBXFileReference; lastKnownFileType = sourcecode.c.h; path = "78-subsets.h"; sourceTree = "<group>"; };
		733A721E217AE6BA008700D5 /* 236-lowest-common-ancestor-of-a-binary-tree.h */ = {isa = PBXFileReference; lastKnownFileType = sourcecode.c.h; path = "236-lowest-common-ancestor-of-a-binary-tree.h"; sourceTree = "<group>"; };
		733A7220217B019F008700D5 /* TreeTraversal.h */ = {isa = PBXFileReference; lastKnownFileType = sourcecode.c.h; path = TreeTraversal.h; sourceTree = "<group>"; };
		733A7221217B0279008700D5 /* 144-binary-tree-preorder-traversal.h */ = {isa = PBXFileReference; lastKnownFileType = sourcecode.c.h; path = "144-binary-tree-preorder-traversal.h"; sourceTree = "<group>"; };
		733A7222217B04F8008700D5 /* 94-binary-tree-inorder-traversal.h */ = {isa = PBXFileReference; lastKnownFileType = sourcecode.c.h; path = "94-binary-tree-inorder-traversal.h"; sourceTree = "<group>"; };
		735A7A47214FED12001E5761 /* BigNumberTest.hpp */ = {isa = PBXFileReference; lastKnownFileType = sourcecode.cpp.h; path = BigNumberTest.hpp; sourceTree = "<group>"; };
		7367DA712178ABB500552831 /* 49-group-anagrams.h */ = {isa = PBXFileReference; lastKnownFileType = sourcecode.c.h; path = "49-group-anagrams.h"; sourceTree = "<group>"; };
		7367DA722178BA3100552831 /* 53-maximum-subarray.h */ = {isa = PBXFileReference; lastKnownFileType = sourcecode.c.h; path = "53-maximum-subarray.h"; sourceTree = "<group>"; };
		7367DA732178C84400552831 /* 55-jump-game.h */ = {isa = PBXFileReference; lastKnownFileType = sourcecode.c.h; path = "55-jump-game.h"; sourceTree = "<group>"; };
		7367DA742178CB5000552831 /* 56-merge-intervals.h */ = {isa = PBXFileReference; lastKnownFileType = sourcecode.c.h; path = "56-merge-intervals.h"; sourceTree = "<group>"; };
		7369BCF82160F6D10015418B /* 22-generate-parentheses.h */ = {isa = PBXFileReference; lastKnownFileType = sourcecode.c.h; path = "22-generate-parentheses.h"; sourceTree = "<group>"; };
		736D8D6021633051001A75D3 /* 32-longest-valid-parentheses.h */ = {isa = PBXFileReference; lastKnownFileType = sourcecode.c.h; path = "32-longest-valid-parentheses.h"; sourceTree = "<group>"; };
		7371339C215D0060007D48EF /* 20-valid-parentheses.h */ = {isa = PBXFileReference; lastKnownFileType = sourcecode.c.h; path = "20-valid-parentheses.h"; sourceTree = "<group>"; };
		73726083216B526C00126F5A /* MemoryPool.cpp */ = {isa = PBXFileReference; lastKnownFileType = sourcecode.cpp.cpp; path = MemoryPool.cpp; sourceTree = "<group>"; };
		73726084216B526C00126F5A /* MemoryPool.hpp */ = {isa = PBXFileReference; lastKnownFileType = sourcecode.cpp.h; path = MemoryPool.hpp; sourceTree = "<group>"; };
		73726086216B6EAA00126F5A /* MemoryPoolTest.hpp */ = {isa = PBXFileReference; lastKnownFileType = sourcecode.cpp.h; path = MemoryPoolTest.hpp; sourceTree = "<group>"; };
		73726089216B7F7800126F5A /* ThreadPool.cpp */ = {isa = PBXFileReference; lastKnownFileType = sourcecode.cpp.cpp; path = ThreadPool.cpp; sourceTree = "<group>"; };
		7372608A216B7F7800126F5A /* ThreadPool.hpp */ = {isa = PBXFileReference; lastKnownFileType = sourcecode.cpp.h; path = ThreadPool.hpp; sourceTree = "<group>"; };
		7372608D216B800100126F5A /* Task.hpp */ = {isa = PBXFileReference; lastKnownFileType = sourcecode.cpp.h; path = Task.hpp; sourceTree = "<group>"; };
		7372608F216B805900126F5A /* Thread.cpp */ = {isa = PBXFileReference; lastKnownFileType = sourcecode.cpp.cpp; path = Thread.cpp; sourceTree = "<group>"; };
		73726090216B805900126F5A /* Thread.hpp */ = {isa = PBXFileReference; lastKnownFileType = sourcecode.cpp.h; path = Thread.hpp; sourceTree = "<group>"; };
		73726092216B822800126F5A /* ThreadPoolTest.hpp */ = {isa = PBXFileReference; lastKnownFileType = sourcecode.cpp.h; path = ThreadPoolTest.hpp; sourceTree = "<group>"; };
		7373284B214E26E500EB7521 /* BinaryIndexTree.hpp */ = {isa = PBXFileReference; lastKnownFileType = sourcecode.cpp.h; path = BinaryIndexTree.hpp; sourceTree = "<group>"; };
		7373284C214E272100EB7521 /* BinaryIndexTree.cpp */ = {isa = PBXFileReference; lastKnownFileType = sourcecode.cpp.cpp; path = BinaryIndexTree.cpp; sourceTree = "<group>"; };
		73732850214E29EC00EB7521 /* BinaryIndexTreeTest.hpp */ = {isa = PBXFileReference; lastKnownFileType = sourcecode.cpp.h; path = BinaryIndexTreeTest.hpp; sourceTree = "<group>"; };
		73732852214E2B4E00EB7521 /* QuickSort.hpp */ = {isa = PBXFileReference; lastKnownFileType = sourcecode.cpp.h; path = QuickSort.hpp; sourceTree = "<group>"; };
		73732853214E2B9D00EB7521 /* HeapSort.hpp */ = {isa = PBXFileReference; lastKnownFileType = sourcecode.cpp.h; path = HeapSort.hpp; sourceTree = "<group>"; };
		73732855214E2BD300EB7521 /* SortTest.hpp */ = {isa = PBXFileReference; lastKnownFileType = sourcecode.cpp.h; path = SortTest.hpp; sourceTree = "<group>"; };
		73732857214F962F00EB7521 /* BigNumber.cpp */ = {isa = PBXFileReference; lastKnownFileType = sourcecode.cpp.cpp; path = BigNumber.cpp; sourceTree = "<group>"; };
		73732858214F962F00EB7521 /* BigNumber.hpp */ = {isa = PBXFileReference; lastKnownFileType = sourcecode.cpp.h; path = BigNumber.hpp; sourceTree = "<group>"; };
		73776D95215FAE4300548221 /* 21-merge-two-sorted-lists.h */ = {isa = PBXFileReference; lastKnownFileType = sourcecode.c.h; path = "21-merge-two-sorted-lists.h"; sourceTree = "<group>"; };
		73882DE8216F7E2C00EDB681 /* 354-russian-doll-envelopes.h */ = {isa = PBXFileReference; lastKnownFileType = sourcecode.c.h; path = "354-russian-doll-envelopes.h"; sourceTree = "<group>"; };
		738BE95421623CE900B6A93E /* priority_queue.cpp */ = {isa = PBXFileReference; lastKnownFileType = sourcecode.cpp.cpp; path = priority_queue.cpp; sourceTree = "<group>"; };
		738BE95521623CE900B6A93E /* priority_queue.hpp */ = {isa = PBXFileReference; lastKnownFileType = sourcecode.cpp.h; path = priority_queue.hpp; sourceTree = "<group>"; };
		738BE957216240A100B6A93E /* 23-merge-k-sorted-lists.h */ = {isa = PBXFileReference; lastKnownFileType = sourcecode.c.h; path = "23-merge-k-sorted-lists.h"; sourceTree = "<group>"; };
		738C358A2168A414008C03A9 /* 33-search-in-rotated-sorted-array.h */ = {isa = PBXFileReference; lastKnownFileType = sourcecode.c.h; path = "33-search-in-rotated-sorted-array.h"; sourceTree = "<group>"; };
		738C358B2168A82C008C03A9 /* 34-find-first-and-last-position-of-element-in-sorted-array.h */ = {isa = PBXFileReference; lastKnownFileType = sourcecode.c.h; path = "34-find-first-and-last-position-of-element-in-sorted-array.h"; sourceTree = "<group>"; };
		7398A66B215662E3005351D7 /* 2-add-two-numbers.h */ = {isa = PBXFileReference; lastKnownFileType = sourcecode.c.h; path = "2-add-two-numbers.h"; sourceTree = "<group>"; };
		7398A66C21566E6A005351D7 /* 3-longest-substring-without-repeating-characters.h */ = {isa = PBXFileReference; lastKnownFileType = sourcecode.c.h; path = "3-longest-substring-without-repeating-characters.h"; sourceTree = "<group>"; };
		7398A66D2156732C005351D7 /* 4-median-of-two-sorted-arrays.h */ = {isa = PBXFileReference; lastKnownFileType = sourcecode.c.h; path = "4-median-of-two-sorted-arrays.h"; sourceTree = "<group>"; };
		7398A66E21571B23005351D7 /* 5-longest-palindromic-substring.h */ = {isa = PBXFileReference; lastKnownFileType = sourcecode.c.h; path = "5-longest-palindromic-substring.h"; sourceTree = "<group>"; };
		7398A66F21574694005351D7 /* 10-regular-expression-matching.h */ = {isa = PBXFileReference; lastKnownFileType = sourcecode.c.h; path = "10-regular-expression-matching.h"; sourceTree = "<group>"; };
		739993AF215A760F00C7C8EB /* 17-letter-combinations-of-a-phone-number.h */ = {isa = PBXFileReference; lastKnownFileType = sourcecode.c.h; path = "17-letter-combinations-of-a-phone-number.h"; sourceTree = "<group>"; };
		739D89F7216E1E9000DDAEBF /* 42-trapping-rain-water.h */ = {isa = PBXFileReference; lastKnownFileType = sourcecode.c.h; path = "42-trapping-rain-water.h"; sourceTree = "<group>"; };
		73BD7B59215BBDA300F9E3BB /* 19-remove-nth-node-from-end-of-list.h */ = {isa = PBXFileReference; lastKnownFileType = sourcecode.c.h; path = "19-remove-nth-node-from-end-of-list.h"; sourceTree = "<group>"; };
		73C0AF92214E21F70096AB22 /* CppToySolution */ = {isa = PBXFileReference; explicitFileType = "compiled.mach-o.executable"; includeInIndex = 0; path = CppToySolution; sourceTree = BUILT_PRODUCTS_DIR; };
		73C0AF95214E21F70096AB22 /* main.cpp */ = {isa = PBXFileReference; lastKnownFileType = sourcecode.cpp.cpp; path = main.cpp; sourceTree = "<group>"; };
		73C2170B21576FCE002BD38B /* 11-container-with-most-water.h */ = {isa = PBXFileReference; lastKnownFileType = sourcecode.c.h; path = "11-container-with-most-water.h"; sourceTree = "<group>"; };
		73C2170C215900D9002BD38B /* 15-3sum.h */ = {isa = PBXFileReference; lastKnownFileType = sourcecode.c.h; path = "15-3sum.h"; sourceTree = "<group>"; };
		73D412262172F61D0025BDF2 /* 48-rotate-image.h */ = {isa = PBXFileReference; lastKnownFileType = sourcecode.c.h; path = "48-rotate-image.h"; sourceTree = "<group>"; };
		73D4122921738FAE0025BDF2 /* ObjectPool.hpp */ = {isa = PBXFileReference; lastKnownFileType = sourcecode.cpp.h; path = ObjectPool.hpp; sourceTree = "<group>"; };
		73DBADB0215E57A800E0C2AB /* 146-lru-cache.h */ = {isa = PBXFileReference; lastKnownFileType = sourcecode.c.h; path = "146-lru-cache.h"; sourceTree = "<group>"; };
		73FE688A2171EC2D00071E97 /* 46-permutations.h */ = {isa = PBXFileReference; lastKnownFileType = sourcecode.c.h; path = "46-permutations.h"; sourceTree = "<group>"; };
/* End PBXFileReference section */

/* Begin PBXFrameworksBuildPhase section */
		73C0AF8F214E21F70096AB22 /* Frameworks */ = {
			isa = PBXFrameworksBuildPhase;
			buildActionMask = 2147483647;
			files = (
			);
			runOnlyForDeploymentPostprocessing = 0;
		};
/* End PBXFrameworksBuildPhase section */

/* Begin PBXGroup section */
		733A721F217B0175008700D5 /* TreeTraversal */ = {
			isa = PBXGroup;
			children = (
				733A7220217B019F008700D5 /* TreeTraversal.h */,
			);
			path = TreeTraversal;
			sourceTree = "<group>";
		};
		735A7A43214FEC9C001E5761 /* Algorithm */ = {
			isa = PBXGroup;
			children = (
				7373284E214E298D00EB7521 /* BinaryIndexTree */,
				73732851214E2B3900EB7521 /* SortAlgorithm */,
			);
			path = Algorithm;
			sourceTree = "<group>";
		};
		735A7A44214FECBF001E5761 /* Matrix */ = {
			isa = PBXGroup;
			children = (
				73106FBC215291C40027906C /* Matrix.hpp */,
				73106FBE2152A6AE0027906C /* MatrixTest.hpp */,
			);
			path = Matrix;
			sourceTree = "<group>";
		};
		735A7A45214FECC9001E5761 /* String */ = {
			isa = PBXGroup;
			children = (
			);
			path = String;
			sourceTree = "<group>";
		};
		735A7A46214FECD6001E5761 /* Utility */ = {
			isa = PBXGroup;
			children = (
				733A721F217B0175008700D5 /* TreeTraversal */,
				73D4122721738F9B0025BDF2 /* ObjectPool */,
				73726087216B7F5500126F5A /* ThreadPool */,
				7372607F216B4F8400126F5A /* MemoryPool */,
				738BE95821624B8600B6A93E /* PriorityQueue */,
				73732856214F961100EB7521 /* BigNumber */,
				735A7A44214FECBF001E5761 /* Matrix */,
				735A7A45214FECC9001E5761 /* String */,
			);
			path = Utility;
			sourceTree = "<group>";
		};
		7372607F216B4F8400126F5A /* MemoryPool */ = {
			isa = PBXGroup;
			children = (
				73726083216B526C00126F5A /* MemoryPool.cpp */,
				73726084216B526C00126F5A /* MemoryPool.hpp */,
				73726086216B6EAA00126F5A /* MemoryPoolTest.hpp */,
			);
			path = MemoryPool;
			sourceTree = "<group>";
		};
		73726087216B7F5500126F5A /* ThreadPool */ = {
			isa = PBXGroup;
			children = (
				73726089216B7F7800126F5A /* ThreadPool.cpp */,
				7372608A216B7F7800126F5A /* ThreadPool.hpp */,
				7372608D216B800100126F5A /* Task.hpp */,
				7372608F216B805900126F5A /* Thread.cpp */,
				73726090216B805900126F5A /* Thread.hpp */,
				73726092216B822800126F5A /* ThreadPoolTest.hpp */,
			);
			path = ThreadPool;
			sourceTree = "<group>";
		};
		7373284E214E298D00EB7521 /* BinaryIndexTree */ = {
			isa = PBXGroup;
			children = (
				7373284C214E272100EB7521 /* BinaryIndexTree.cpp */,
				7373284B214E26E500EB7521 /* BinaryIndexTree.hpp */,
				73732850214E29EC00EB7521 /* BinaryIndexTreeTest.hpp */,
			);
			path = BinaryIndexTree;
			sourceTree = "<group>";
		};
		73732851214E2B3900EB7521 /* SortAlgorithm */ = {
			isa = PBXGroup;
			children = (
				73732852214E2B4E00EB7521 /* QuickSort.hpp */,
				73732853214E2B9D00EB7521 /* HeapSort.hpp */,
				73732855214E2BD300EB7521 /* SortTest.hpp */,
			);
			path = SortAlgorithm;
			sourceTree = "<group>";
		};
		73732856214F961100EB7521 /* BigNumber */ = {
			isa = PBXGroup;
			children = (
				73732857214F962F00EB7521 /* BigNumber.cpp */,
				73732858214F962F00EB7521 /* BigNumber.hpp */,
				735A7A47214FED12001E5761 /* BigNumberTest.hpp */,
			);
			path = BigNumber;
			sourceTree = "<group>";
		};
		738BE95821624B8600B6A93E /* PriorityQueue */ = {
			isa = PBXGroup;
			children = (
				738BE95421623CE900B6A93E /* priority_queue.cpp */,
				738BE95521623CE900B6A93E /* priority_queue.hpp */,
			);
			name = PriorityQueue;
			path = "New Group";
			sourceTree = "<group>";
		};
		7398A66A2156624E005351D7 /* LeetCode */ = {
			isa = PBXGroup;
			children = (
				7398A66B215662E3005351D7 /* 2-add-two-numbers.h */,
				7398A66C21566E6A005351D7 /* 3-longest-substring-without-repeating-characters.h */,
				7398A66D2156732C005351D7 /* 4-median-of-two-sorted-arrays.h */,
				7398A66E21571B23005351D7 /* 5-longest-palindromic-substring.h */,
				7398A66F21574694005351D7 /* 10-regular-expression-matching.h */,
				73C2170B21576FCE002BD38B /* 11-container-with-most-water.h */,
				73C2170C215900D9002BD38B /* 15-3sum.h */,
				739993AF215A760F00C7C8EB /* 17-letter-combinations-of-a-phone-number.h */,
				73BD7B59215BBDA300F9E3BB /* 19-remove-nth-node-from-end-of-list.h */,
				7371339C215D0060007D48EF /* 20-valid-parentheses.h */,
				73DBADB0215E57A800E0C2AB /* 146-lru-cache.h */,
				73776D95215FAE4300548221 /* 21-merge-two-sorted-lists.h */,
				7369BCF82160F6D10015418B /* 22-generate-parentheses.h */,
				738BE957216240A100B6A93E /* 23-merge-k-sorted-lists.h */,
				736D8D6021633051001A75D3 /* 32-longest-valid-parentheses.h */,
				738C358A2168A414008C03A9 /* 33-search-in-rotated-sorted-array.h */,
				738C358B2168A82C008C03A9 /* 34-find-first-and-last-position-of-element-in-sorted-array.h */,
				739D89F7216E1E9000DDAEBF /* 42-trapping-rain-water.h */,
				73882DE8216F7E2C00EDB681 /* 354-russian-doll-envelopes.h */,
				73FE688A2171EC2D00071E97 /* 46-permutations.h */,
				73D412262172F61D0025BDF2 /* 48-rotate-image.h */,
				7367DA712178ABB500552831 /* 49-group-anagrams.h */,
				7367DA722178BA3100552831 /* 53-maximum-subarray.h */,
				7367DA732178C84400552831 /* 55-jump-game.h */,
				7367DA742178CB5000552831 /* 56-merge-intervals.h */,
				733A7219217A1466008700D5 /* 62-unique-paths.h */,
				733A721A217A19C7008700D5 /* 64-minimum-path-sum.h */,
				733A721B217A1F00008700D5 /* 72-edit-distance.h */,
				733A721C217ACC5A008700D5 /* 76-minimum-window-substring.h */,
				733A721D217AD690008700D5 /* 78-subsets.h */,
				733A721E217AE6BA008700D5 /* 236-lowest-common-ancestor-of-a-binary-tree.h */,
				733A7221217B0279008700D5 /* 144-binary-tree-preorder-traversal.h */,
				733A7222217B04F8008700D5 /* 94-binary-tree-inorder-traversal.h */,
			);
			path = LeetCode;
			sourceTree = "<group>";
		};
		73C0AF89214E21F70096AB22 = {
			isa = PBXGroup;
			children = (
				7398A66A2156624E005351D7 /* LeetCode */,
				73C0AF95214E21F70096AB22 /* main.cpp */,
				735A7A46214FECD6001E5761 /* Utility */,
				735A7A43214FEC9C001E5761 /* Algorithm */,
				73C0AF93214E21F70096AB22 /* Products */,
			);
			sourceTree = "<group>";
		};
		73C0AF93214E21F70096AB22 /* Products */ = {
			isa = PBXGroup;
			children = (
				73C0AF92214E21F70096AB22 /* CppToySolution */,
			);
			name = Products;
			sourceTree = "<group>";
		};
		73D4122721738F9B0025BDF2 /* ObjectPool */ = {
			isa = PBXGroup;
			children = (
				73D4122921738FAE0025BDF2 /* ObjectPool.hpp */,
			);
			path = ObjectPool;
			sourceTree = "<group>";
		};
/* End PBXGroup section */

/* Begin PBXNativeTarget section */
		73C0AF91214E21F70096AB22 /* CppToySolution */ = {
			isa = PBXNativeTarget;
			buildConfigurationList = 73C0AF99214E21F70096AB22 /* Build configuration list for PBXNativeTarget "CppToySolution" */;
			buildPhases = (
				73C0AF8E214E21F70096AB22 /* Sources */,
				73C0AF8F214E21F70096AB22 /* Frameworks */,
				73C0AF90214E21F70096AB22 /* CopyFiles */,
			);
			buildRules = (
			);
			dependencies = (
			);
			name = CppToySolution;
			productName = CppToySolution;
			productReference = 73C0AF92214E21F70096AB22 /* CppToySolution */;
			productType = "com.apple.product-type.tool";
		};
/* End PBXNativeTarget section */

/* Begin PBXProject section */
		73C0AF8A214E21F70096AB22 /* Project object */ = {
			isa = PBXProject;
			attributes = {
				LastUpgradeCheck = 0920;
				ORGANIZATIONNAME = QZQ;
				TargetAttributes = {
					73C0AF91214E21F70096AB22 = {
						CreatedOnToolsVersion = 9.2;
						ProvisioningStyle = Automatic;
					};
				};
			};
			buildConfigurationList = 73C0AF8D214E21F70096AB22 /* Build configuration list for PBXProject "CppToySolution" */;
			compatibilityVersion = "Xcode 8.0";
			developmentRegion = en;
			hasScannedForEncodings = 0;
			knownRegions = (
				en,
			);
			mainGroup = 73C0AF89214E21F70096AB22;
			productRefGroup = 73C0AF93214E21F70096AB22 /* Products */;
			projectDirPath = "";
			projectRoot = "";
			targets = (
				73C0AF91214E21F70096AB22 /* CppToySolution */,
			);
		};
/* End PBXProject section */

/* Begin PBXSourcesBuildPhase section */
		73C0AF8E214E21F70096AB22 /* Sources */ = {
			isa = PBXSourcesBuildPhase;
			buildActionMask = 2147483647;
			files = (
				73726085216B526C00126F5A /* MemoryPool.cpp in Sources */,
				7372608B216B7F7800126F5A /* ThreadPool.cpp in Sources */,
				73726091216B805900126F5A /* Thread.cpp in Sources */,
				73C0AF96214E21F70096AB22 /* main.cpp in Sources */,
				738BE95621623CE900B6A93E /* priority_queue.cpp in Sources */,
				73732859214F962F00EB7521 /* BigNumber.cpp in Sources */,
				7373284D214E272100EB7521 /* BinaryIndexTree.cpp in Sources */,
			);
			runOnlyForDeploymentPostprocessing = 0;
		};
/* End PBXSourcesBuildPhase section */

/* Begin XCBuildConfiguration section */
		73C0AF97214E21F70096AB22 /* Debug */ = {
			isa = XCBuildConfiguration;
			buildSettings = {
				ALWAYS_SEARCH_USER_PATHS = NO;
				CLANG_ANALYZER_NONNULL = YES;
				CLANG_ANALYZER_NUMBER_OBJECT_CONVERSION = YES_AGGRESSIVE;
				CLANG_CXX_LANGUAGE_STANDARD = "gnu++14";
				CLANG_CXX_LIBRARY = "libc++";
				CLANG_ENABLE_MODULES = YES;
				CLANG_ENABLE_OBJC_ARC = YES;
				CLANG_WARN_BLOCK_CAPTURE_AUTORELEASING = YES;
				CLANG_WARN_BOOL_CONVERSION = YES;
				CLANG_WARN_COMMA = YES;
				CLANG_WARN_CONSTANT_CONVERSION = YES;
				CLANG_WARN_DIRECT_OBJC_ISA_USAGE = YES_ERROR;
				CLANG_WARN_DOCUMENTATION_COMMENTS = YES;
				CLANG_WARN_EMPTY_BODY = YES;
				CLANG_WARN_ENUM_CONVERSION = YES;
				CLANG_WARN_INFINITE_RECURSION = YES;
				CLANG_WARN_INT_CONVERSION = YES;
				CLANG_WARN_NON_LITERAL_NULL_CONVERSION = YES;
				CLANG_WARN_OBJC_LITERAL_CONVERSION = YES;
				CLANG_WARN_OBJC_ROOT_CLASS = YES_ERROR;
				CLANG_WARN_RANGE_LOOP_ANALYSIS = YES;
				CLANG_WARN_STRICT_PROTOTYPES = YES;
				CLANG_WARN_SUSPICIOUS_MOVE = YES;
				CLANG_WARN_UNGUARDED_AVAILABILITY = YES_AGGRESSIVE;
				CLANG_WARN_UNREACHABLE_CODE = YES;
				CLANG_WARN__DUPLICATE_METHOD_MATCH = YES;
				CODE_SIGN_IDENTITY = "-";
				COPY_PHASE_STRIP = NO;
				DEBUG_INFORMATION_FORMAT = dwarf;
				ENABLE_STRICT_OBJC_MSGSEND = YES;
				ENABLE_TESTABILITY = YES;
				GCC_C_LANGUAGE_STANDARD = gnu11;
				GCC_DYNAMIC_NO_PIC = NO;
				GCC_NO_COMMON_BLOCKS = YES;
				GCC_OPTIMIZATION_LEVEL = 0;
				GCC_PREPROCESSOR_DEFINITIONS = (
					"DEBUG=1",
					"$(inherited)",
				);
				GCC_WARN_64_TO_32_BIT_CONVERSION = YES;
				GCC_WARN_ABOUT_RETURN_TYPE = YES_ERROR;
				GCC_WARN_UNDECLARED_SELECTOR = YES;
				GCC_WARN_UNINITIALIZED_AUTOS = YES_AGGRESSIVE;
				GCC_WARN_UNUSED_FUNCTION = YES;
				GCC_WARN_UNUSED_VARIABLE = YES;
				MACOSX_DEPLOYMENT_TARGET = 10.13;
				MTL_ENABLE_DEBUG_INFO = YES;
				ONLY_ACTIVE_ARCH = YES;
				SDKROOT = macosx;
			};
			name = Debug;
		};
		73C0AF98214E21F70096AB22 /* Release */ = {
			isa = XCBuildConfiguration;
			buildSettings = {
				ALWAYS_SEARCH_USER_PATHS = NO;
				CLANG_ANALYZER_NONNULL = YES;
				CLANG_ANALYZER_NUMBER_OBJECT_CONVERSION = YES_AGGRESSIVE;
				CLANG_CXX_LANGUAGE_STANDARD = "gnu++14";
				CLANG_CXX_LIBRARY = "libc++";
				CLANG_ENABLE_MODULES = YES;
				CLANG_ENABLE_OBJC_ARC = YES;
				CLANG_WARN_BLOCK_CAPTURE_AUTORELEASING = YES;
				CLANG_WARN_BOOL_CONVERSION = YES;
				CLANG_WARN_COMMA = YES;
				CLANG_WARN_CONSTANT_CONVERSION = YES;
				CLANG_WARN_DIRECT_OBJC_ISA_USAGE = YES_ERROR;
				CLANG_WARN_DOCUMENTATION_COMMENTS = YES;
				CLANG_WARN_EMPTY_BODY = YES;
				CLANG_WARN_ENUM_CONVERSION = YES;
				CLANG_WARN_INFINITE_RECURSION = YES;
				CLANG_WARN_INT_CONVERSION = YES;
				CLANG_WARN_NON_LITERAL_NULL_CONVERSION = YES;
				CLANG_WARN_OBJC_LITERAL_CONVERSION = YES;
				CLANG_WARN_OBJC_ROOT_CLASS = YES_ERROR;
				CLANG_WARN_RANGE_LOOP_ANALYSIS = YES;
				CLANG_WARN_STRICT_PROTOTYPES = YES;
				CLANG_WARN_SUSPICIOUS_MOVE = YES;
				CLANG_WARN_UNGUARDED_AVAILABILITY = YES_AGGRESSIVE;
				CLANG_WARN_UNREACHABLE_CODE = YES;
				CLANG_WARN__DUPLICATE_METHOD_MATCH = YES;
				CODE_SIGN_IDENTITY = "-";
				COPY_PHASE_STRIP = NO;
				DEBUG_INFORMATION_FORMAT = "dwarf-with-dsym";
				ENABLE_NS_ASSERTIONS = NO;
				ENABLE_STRICT_OBJC_MSGSEND = YES;
				GCC_C_LANGUAGE_STANDARD = gnu11;
				GCC_NO_COMMON_BLOCKS = YES;
				GCC_WARN_64_TO_32_BIT_CONVERSION = YES;
				GCC_WARN_ABOUT_RETURN_TYPE = YES_ERROR;
				GCC_WARN_UNDECLARED_SELECTOR = YES;
				GCC_WARN_UNINITIALIZED_AUTOS = YES_AGGRESSIVE;
				GCC_WARN_UNUSED_FUNCTION = YES;
				GCC_WARN_UNUSED_VARIABLE = YES;
				MACOSX_DEPLOYMENT_TARGET = 10.13;
				MTL_ENABLE_DEBUG_INFO = NO;
				SDKROOT = macosx;
			};
			name = Release;
		};
		73C0AF9A214E21F70096AB22 /* Debug */ = {
			isa = XCBuildConfiguration;
			buildSettings = {
				CODE_SIGN_STYLE = Automatic;
				PRODUCT_NAME = "$(TARGET_NAME)";
			};
			name = Debug;
		};
		73C0AF9B214E21F70096AB22 /* Release */ = {
			isa = XCBuildConfiguration;
			buildSettings = {
				CODE_SIGN_STYLE = Automatic;
				PRODUCT_NAME = "$(TARGET_NAME)";
			};
			name = Release;
		};
/* End XCBuildConfiguration section */

/* Begin XCConfigurationList section */
		73C0AF8D214E21F70096AB22 /* Build configuration list for PBXProject "CppToySolution" */ = {
			isa = XCConfigurationList;
			buildConfigurations = (
				73C0AF97214E21F70096AB22 /* Debug */,
				73C0AF98214E21F70096AB22 /* Release */,
			);
			defaultConfigurationIsVisible = 0;
			defaultConfigurationName = Release;
		};
		73C0AF99214E21F70096AB22 /* Build configuration list for PBXNativeTarget "CppToySolution" */ = {
			isa = XCConfigurationList;
			buildConfigurations = (
				73C0AF9A214E21F70096AB22 /* Debug */,
				73C0AF9B214E21F70096AB22 /* Release */,
			);
			defaultConfigurationIsVisible = 0;
			defaultConfigurationName = Release;
		};
/* End XCConfigurationList section */
	};
	rootObject = 73C0AF8A214E21F70096AB22 /* Project object */;
}
